
Microsoft Visual Studio Solution File, Format Version 12.00
# Visual Studio 14
VisualStudioVersion = 14.0.24720.0
MinimumVisualStudioVersion = 10.0.40219.1
Project("{FAE04EC0-301F-11D3-BF4B-00C04F79EFBC}") = "ionScript", "ionScript\ionScript.csproj", "{BF90E5FD-BA3B-4E8A-A0DC-D08E2B97AEA3}"
EndProject
Project("{FAE04EC0-301F-11D3-BF4B-00C04F79EFBC}") = "Interpreter", "Interpreter\Interpreter.csproj", "{5BA5FE1E-173D-4845-9BBA-CA3794463773}"
EndProject
Project("{FAE04EC0-301F-11D3-BF4B-00C04F79EFBC}") = "Register", "Register\Register.csproj", "{15C3721E-42F1-4805-8318-178D7443CDAC}"
EndProject
Project("{FAE04EC0-301F-11D3-BF4B-00C04F79EFBC}") = "Core", "Core\Core.csproj", "{35E8B5AB-BA5C-4123-B72B-7348DAF946D8}"
	ProjectSection(ProjectDependencies) = postProject
		{5BA5FE1E-173D-4845-9BBA-CA3794463773} = {5BA5FE1E-173D-4845-9BBA-CA3794463773}
	EndProjectSection
EndProject
Project("{FAE04EC0-301F-11D3-BF4B-00C04F79EFBC}") = "Worker", "Worker\Worker.csproj", "{7ED0B650-C74F-473E-B6E5-0BB9AB49B960}"
EndProject
Global
	GlobalSection(SolutionConfigurationPlatforms) = preSolution
		Debug|Any CPU = Debug|Any CPU
		Debug|ARM = Debug|ARM
		Debug|x64 = Debug|x64
		Debug|x86 = Debug|x86
		Release|Any CPU = Release|Any CPU
		Release|ARM = Release|ARM
		Release|x64 = Release|x64
		Release|x86 = Release|x86
	EndGlobalSection
	GlobalSection(ProjectConfigurationPlatforms) = postSolution
		{BF90E5FD-BA3B-4E8A-A0DC-D08E2B97AEA3}.Debug|Any CPU.ActiveCfg = Debug|Any CPU
		{BF90E5FD-BA3B-4E8A-A0DC-D08E2B97AEA3}.Debug|Any CPU.Build.0 = Debug|Any CPU
		{BF90E5FD-BA3B-4E8A-A0DC-D08E2B97AEA3}.Debug|ARM.ActiveCfg = Debug|Any CPU
		{BF90E5FD-BA3B-4E8A-A0DC-D08E2B97AEA3}.Debug|ARM.Build.0 = Debug|Any CPU
		{BF90E5FD-BA3B-4E8A-A0DC-D08E2B97AEA3}.Debug|x64.ActiveCfg = Debug|Any CPU
		{BF90E5FD-BA3B-4E8A-A0DC-D08E2B97AEA3}.Debug|x64.Build.0 = Debug|Any CPU
		{BF90E5FD-BA3B-4E8A-A0DC-D08E2B97AEA3}.Debug|x86.ActiveCfg = Debug|Any CPU
		{BF90E5FD-BA3B-4E8A-A0DC-D08E2B97AEA3}.Debug|x86.Build.0 = Debug|Any CPU
		{BF90E5FD-BA3B-4E8A-A0DC-D08E2B97AEA3}.Release|Any CPU.ActiveCfg = Release|Any CPU
		{BF90E5FD-BA3B-4E8A-A0DC-D08E2B97AEA3}.Release|Any CPU.Build.0 = Release|Any CPU
		{BF90E5FD-BA3B-4E8A-A0DC-D08E2B97AEA3}.Release|ARM.ActiveCfg = Release|Any CPU
		{BF90E5FD-BA3B-4E8A-A0DC-D08E2B97AEA3}.Release|ARM.Build.0 = Release|Any CPU
		{BF90E5FD-BA3B-4E8A-A0DC-D08E2B97AEA3}.Release|x64.ActiveCfg = Release|Any CPU
		{BF90E5FD-BA3B-4E8A-A0DC-D08E2B97AEA3}.Release|x64.Build.0 = Release|Any CPU
		{BF90E5FD-BA3B-4E8A-A0DC-D08E2B97AEA3}.Release|x86.ActiveCfg = Release|Any CPU
		{BF90E5FD-BA3B-4E8A-A0DC-D08E2B97AEA3}.Release|x86.Build.0 = Release|Any CPU
		{5BA5FE1E-173D-4845-9BBA-CA3794463773}.Debug|Any CPU.ActiveCfg = Debug|Any CPU
		{5BA5FE1E-173D-4845-9BBA-CA3794463773}.Debug|Any CPU.Build.0 = Debug|Any CPU
		{5BA5FE1E-173D-4845-9BBA-CA3794463773}.Debug|ARM.ActiveCfg = Debug|Any CPU
		{5BA5FE1E-173D-4845-9BBA-CA3794463773}.Debug|ARM.Build.0 = Debug|Any CPU
		{5BA5FE1E-173D-4845-9BBA-CA3794463773}.Debug|x64.ActiveCfg = Debug|Any CPU
		{5BA5FE1E-173D-4845-9BBA-CA3794463773}.Debug|x64.Build.0 = Debug|Any CPU
		{5BA5FE1E-173D-4845-9BBA-CA3794463773}.Debug|x86.ActiveCfg = Debug|Any CPU
		{5BA5FE1E-173D-4845-9BBA-CA3794463773}.Debug|x86.Build.0 = Debug|Any CPU
		{5BA5FE1E-173D-4845-9BBA-CA3794463773}.Release|Any CPU.ActiveCfg = Release|Any CPU
		{5BA5FE1E-173D-4845-9BBA-CA3794463773}.Release|Any CPU.Build.0 = Release|Any CPU
		{5BA5FE1E-173D-4845-9BBA-CA3794463773}.Release|ARM.ActiveCfg = Release|Any CPU
		{5BA5FE1E-173D-4845-9BBA-CA3794463773}.Release|ARM.Build.0 = Release|Any CPU
		{5BA5FE1E-173D-4845-9BBA-CA3794463773}.Release|x64.ActiveCfg = Release|Any CPU
		{5BA5FE1E-173D-4845-9BBA-CA3794463773}.Release|x64.Build.0 = Release|Any CPU
		{5BA5FE1E-173D-4845-9BBA-CA3794463773}.Release|x86.ActiveCfg = Release|Any CPU
		{5BA5FE1E-173D-4845-9BBA-CA3794463773}.Release|x86.Build.0 = Release|Any CPU
		{15C3721E-42F1-4805-8318-178D7443CDAC}.Debug|Any CPU.ActiveCfg = Debug|Any CPU
		{15C3721E-42F1-4805-8318-178D7443CDAC}.Debug|Any CPU.Build.0 = Debug|Any CPU
		{15C3721E-42F1-4805-8318-178D7443CDAC}.Debug|ARM.ActiveCfg = Debug|Any CPU
		{15C3721E-42F1-4805-8318-178D7443CDAC}.Debug|ARM.Build.0 = Debug|Any CPU
		{15C3721E-42F1-4805-8318-178D7443CDAC}.Debug|x64.ActiveCfg = Debug|Any CPU
		{15C3721E-42F1-4805-8318-178D7443CDAC}.Debug|x64.Build.0 = Debug|Any CPU
		{15C3721E-42F1-4805-8318-178D7443CDAC}.Debug|x86.ActiveCfg = Debug|Any CPU
		{15C3721E-42F1-4805-8318-178D7443CDAC}.Debug|x86.Build.0 = Debug|Any CPU
		{15C3721E-42F1-4805-8318-178D7443CDAC}.Release|Any CPU.ActiveCfg = Release|Any CPU
		{15C3721E-42F1-4805-8318-178D7443CDAC}.Release|Any CPU.Build.0 = Release|Any CPU
		{15C3721E-42F1-4805-8318-178D7443CDAC}.Release|ARM.ActiveCfg = Release|Any CPU
		{15C3721E-42F1-4805-8318-178D7443CDAC}.Release|ARM.Build.0 = Release|Any CPU
		{15C3721E-42F1-4805-8318-178D7443CDAC}.Release|x64.ActiveCfg = Release|Any CPU
		{15C3721E-42F1-4805-8318-178D7443CDAC}.Release|x64.Build.0 = Release|Any CPU
		{15C3721E-42F1-4805-8318-178D7443CDAC}.Release|x86.ActiveCfg = Release|Any CPU
		{15C3721E-42F1-4805-8318-178D7443CDAC}.Release|x86.Build.0 = Release|Any CPU
		{35E8B5AB-BA5C-4123-B72B-7348DAF946D8}.Debug|Any CPU.ActiveCfg = Debug|Any CPU
		{35E8B5AB-BA5C-4123-B72B-7348DAF946D8}.Debug|Any CPU.Build.0 = Debug|Any CPU
		{35E8B5AB-BA5C-4123-B72B-7348DAF946D8}.Debug|ARM.ActiveCfg = Debug|Any CPU
		{35E8B5AB-BA5C-4123-B72B-7348DAF946D8}.Debug|ARM.Build.0 = Debug|Any CPU
		{35E8B5AB-BA5C-4123-B72B-7348DAF946D8}.Debug|x64.ActiveCfg = Debug|Any CPU
		{35E8B5AB-BA5C-4123-B72B-7348DAF946D8}.Debug|x64.Build.0 = Debug|Any CPU
		{35E8B5AB-BA5C-4123-B72B-7348DAF946D8}.Debug|x86.ActiveCfg = Debug|Any CPU
		{35E8B5AB-BA5C-4123-B72B-7348DAF946D8}.Debug|x86.Build.0 = Debug|Any CPU
		{35E8B5AB-BA5C-4123-B72B-7348DAF946D8}.Release|Any CPU.ActiveCfg = Release|Any CPU
		{35E8B5AB-BA5C-4123-B72B-7348DAF946D8}.Release|Any CPU.Build.0 = Release|Any CPU
		{35E8B5AB-BA5C-4123-B72B-7348DAF946D8}.Release|ARM.ActiveCfg = Release|Any CPU
		{35E8B5AB-BA5C-4123-B72B-7348DAF946D8}.Release|ARM.Build.0 = Release|Any CPU
		{35E8B5AB-BA5C-4123-B72B-7348DAF946D8}.Release|x64.ActiveCfg = Release|Any CPU
		{35E8B5AB-BA5C-4123-B72B-7348DAF946D8}.Release|x64.Build.0 = Release|Any CPU
		{35E8B5AB-BA5C-4123-B72B-7348DAF946D8}.Release|x86.ActiveCfg = Release|Any CPU
		{35E8B5AB-BA5C-4123-B72B-7348DAF946D8}.Release|x86.Build.0 = Release|Any CPU
		{7ED0B650-C74F-473E-B6E5-0BB9AB49B960}.Debug|Any CPU.ActiveCfg = Debug|Any CPU
		{7ED0B650-C74F-473E-B6E5-0BB9AB49B960}.Debug|Any CPU.Build.0 = Debug|Any CPU
		{7ED0B650-C74F-473E-B6E5-0BB9AB49B960}.Debug|ARM.ActiveCfg = Debug|Any CPU
		{7ED0B650-C74F-473E-B6E5-0BB9AB49B960}.Debug|ARM.Build.0 = Debug|Any CPU
		{7ED0B650-C74F-473E-B6E5-0BB9AB49B960}.Debug|x64.ActiveCfg = Debug|Any CPU
		{7ED0B650-C74F-473E-B6E5-0BB9AB49B960}.Debug|x64.Build.0 = Debug|Any CPU
		{7ED0B650-C74F-473E-B6E5-0BB9AB49B960}.Debug|x86.ActiveCfg = Debug|Any CPU
		{7ED0B650-C74F-473E-B6E5-0BB9AB49B960}.Debug|x86.Build.0 = Debug|Any CPU
		{7ED0B650-C74F-473E-B6E5-0BB9AB49B960}.Release|Any CPU.ActiveCfg = Release|Any CPU
		{7ED0B650-C74F-473E-B6E5-0BB9AB49B960}.Release|Any CPU.Build.0 = Release|Any CPU
		{7ED0B650-C74F-473E-B6E5-0BB9AB49B960}.Release|ARM.ActiveCfg = Release|Any CPU
		{7ED0B650-C74F-473E-B6E5-0BB9AB49B960}.Release|ARM.Build.0 = Release|Any CPU
		{7ED0B650-C74F-473E-B6E5-0BB9AB49B960}.Release|x64.ActiveCfg = Release|Any CPU
		{7ED0B650-C74F-473E-B6E5-0BB9AB49B960}.Release|x64.Build.0 = Release|Any CPU
		{7ED0B650-C74F-473E-B6E5-0BB9AB49B960}.Release|x86.ActiveCfg = Release|Any CPU
		{7ED0B650-C74F-473E-B6E5-0BB9AB49B960}.Release|x86.Build.0 = Release|Any CPU
	EndGlobalSection
	GlobalSection(SolutionProperties) = preSolution
		HideSolutionNode = FALSE
	EndGlobalSection
EndGlobal
